
Microsoft Visual Studio Solution File, Format Version 12.00
# Visual Studio Version 16
VisualStudioVersion = 16.0.32602.291
MinimumVisualStudioVersion = 10.0.40219.1
Project("{FAE04EC0-301F-11D3-BF4B-00C04F79EFBC}") = "Class", "Class\Class.csproj", "{6ECC768F-5C4C-4E6A-AA0D-E0AB9A5DCADE}"
EndProject
Global
	GlobalSection(SolutionConfigurationPlatforms) = preSolution
		Debug|Any CPU = Debug|Any CPU
		Release|Any CPU = Release|Any CPU
	EndGlobalSection
	GlobalSection(ProjectConfigurationPlatforms) = postSolution
		{6ECC768F-5C4C-4E6A-AA0D-E0AB9A5DCADE}.Debug|Any CPU.ActiveCfg = Debug|Any CPU
		{6ECC768F-5C4C-4E6A-AA0D-E0AB9A5DCADE}.Debug|Any CPU.Build.0 = Debug|Any CPU
		{6ECC768F-5C4C-4E6A-AA0D-E0AB9A5DCADE}.Release|Any CPU.ActiveCfg = Release|Any CPU
		{6ECC768F-5C4C-4E6A-AA0D-E0AB9A5DCADE}.Release|Any CPU.Build.0 = Release|Any CPU
	EndGlobalSection
	GlobalSection(SolutionProperties) = preSolution
		HideSolutionNode = FALSE
	EndGlobalSection
	GlobalSection(ExtensibilityGlobals) = postSolution
		SolutionGuid = {68862EB4-5B93-49C8-889D-6D1144A1D03C}
	EndGlobalSection
EndGlobal
